
Microsoft Visual Studio Solution File, Format Version 12.00
# Visual Studio Version 16
VisualStudioVersion = 16.0.30907.101
MinimumVisualStudioVersion = 10.0.40219.1
Project("{FAE04EC0-301F-11D3-BF4B-00C04F79EFBC}") = "Factorial", "Factorial\Factorial.csproj", "{AC541ADC-DB4E-48BD-B691-4EA56161D97F}"
EndProject
Project("{FAE04EC0-301F-11D3-BF4B-00C04F79EFBC}") = "WpfAppFactorial", "WpfAppFactorial\WpfAppFactorial.csproj", "{B35B383D-4880-4E38-8E88-438705367CB3}"
EndProject
Project("{FAE04EC0-301F-11D3-BF4B-00C04F79EFBC}") = "FactorialTests", "FactorialTests\FactorialTests.csproj", "{5F889738-1D98-42A4-A173-90947A967DA0}"
EndProject
Global
	GlobalSection(SolutionConfigurationPlatforms) = preSolution
		Debug|Any CPU = Debug|Any CPU
		Release|Any CPU = Release|Any CPU
	EndGlobalSection
	GlobalSection(ProjectConfigurationPlatforms) = postSolution
		{AC541ADC-DB4E-48BD-B691-4EA56161D97F}.Debug|Any CPU.ActiveCfg = Debug|Any CPU
		{AC541ADC-DB4E-48BD-B691-4EA56161D97F}.Debug|Any CPU.Build.0 = Debug|Any CPU
		{AC541ADC-DB4E-48BD-B691-4EA56161D97F}.Release|Any CPU.ActiveCfg = Release|Any CPU
		{AC541ADC-DB4E-48BD-B691-4EA56161D97F}.Release|Any CPU.Build.0 = Release|Any CPU
		{B35B383D-4880-4E38-8E88-438705367CB3}.Debug|Any CPU.ActiveCfg = Debug|Any CPU
		{B35B383D-4880-4E38-8E88-438705367CB3}.Debug|Any CPU.Build.0 = Debug|Any CPU
		{B35B383D-4880-4E38-8E88-438705367CB3}.Release|Any CPU.ActiveCfg = Release|Any CPU
		{B35B383D-4880-4E38-8E88-438705367CB3}.Release|Any CPU.Build.0 = Release|Any CPU
		{5F889738-1D98-42A4-A173-90947A967DA0}.Debug|Any CPU.ActiveCfg = Debug|Any CPU
		{5F889738-1D98-42A4-A173-90947A967DA0}.Debug|Any CPU.Build.0 = Debug|Any CPU
		{5F889738-1D98-42A4-A173-90947A967DA0}.Release|Any CPU.ActiveCfg = Release|Any CPU
		{5F889738-1D98-42A4-A173-90947A967DA0}.Release|Any CPU.Build.0 = Release|Any CPU
	EndGlobalSection
	GlobalSection(SolutionProperties) = preSolution
		HideSolutionNode = FALSE
	EndGlobalSection
	GlobalSection(ExtensibilityGlobals) = postSolution
		SolutionGuid = {8D34DF94-BC92-4F99-886D-F5D599D37373}
	EndGlobalSection
EndGlobal
